schema: '2.0'
stages:
  build_preprocessing_bin:
    cmd: cargo build --release --bin preprocess
    deps:
    - path: Cargo.toml
      md5: 2c0be3076e4f03af7ff0e3e75e54043d
      size: 651
    - path: src/bin/stages/preprocess.rs
      md5: 7ff5a3a482f175143d67367492b909b0
      size: 4268
    outs:
    - path: target/release/preprocess
      md5: 57b031a482f6c3b9e4b1f1d53121aaca
      size: 20527208
      isexec: true
  preprocess:
    cmd: RUST_LOG=info target/release/preprocess
    deps:
    - path: data/raw/diabetes.csv
      md5: b43dd020fa775d93fced49f959c227ed
      size: 23873
    - path: target/release/preprocess
      md5: 57b031a482f6c3b9e4b1f1d53121aaca
      size: 20527208
    outs:
    - path: data/processed/diabetes.csv
      md5: 8841b536e5bdb83ef37e82f847baf6af
      size: 35778
